
Microsoft Visual Studio Solution File, Format Version 12.00
# Visual Studio 15
VisualStudioVersion = 15.0.28307.421
MinimumVisualStudioVersion = 10.0.40219.1
Project("{FAE04EC0-301F-11D3-BF4B-00C04F79EFBC}") = "FuseThemeInMVC5", "FuseThemeInMVC5\FuseThemeInMVC5.csproj", "{634F8D01-26E6-4A16-88F7-F9EA4A31D441}"
EndProject
Global
	GlobalSection(SolutionConfigurationPlatforms) = preSolution
		Debug|Any CPU = Debug|Any CPU
		Release|Any CPU = Release|Any CPU
	EndGlobalSection
	GlobalSection(ProjectConfigurationPlatforms) = postSolution
		{634F8D01-26E6-4A16-88F7-F9EA4A31D441}.Debug|Any CPU.ActiveCfg = Debug|Any CPU
		{634F8D01-26E6-4A16-88F7-F9EA4A31D441}.Debug|Any CPU.Build.0 = Debug|Any CPU
		{634F8D01-26E6-4A16-88F7-F9EA4A31D441}.Release|Any CPU.ActiveCfg = Release|Any CPU
		{634F8D01-26E6-4A16-88F7-F9EA4A31D441}.Release|Any CPU.Build.0 = Release|Any CPU
	EndGlobalSection
	GlobalSection(SolutionProperties) = preSolution
		HideSolutionNode = FALSE
	EndGlobalSection
	GlobalSection(ExtensibilityGlobals) = postSolution
		SolutionGuid = {12EB42A2-4B04-4836-B0FD-82B060C03B5B}
	EndGlobalSection
EndGlobal
